# GENERATED FILE - DO NOT EDIT DIRECTLY
schema_version: 1

bundle:
  version: "0.9.4-dev"
  release_sequence: 0
  channel: "development"
  source_tree_digest: "sha256:ba597010d9403127df8c67102186ef40c546a08101d1a93201d17f8108deb520"
  digest: "sha256:12020fd6433653d350bca1bc3ee3f8b6a59c0bcbdef96ed2ed8d24480cff212b"

projection:
  input_digest: "sha256:776fd6e1d752a92da0d3d657c272f2a8b0f130708b8a2def282f6683502d3afc"
  output_digest: "sha256:c5be6d325c9db3c058b0a06bf0144da9d648b8511ad4c99eed04855a47806ca8"
  files:
    - path: ".gds/compiled-policy.json"
      digest: "sha256:ca79997d1614742bc4ccc55ba4c8118802f589b923aed3910ebe5a315b838567"
